// !$*UTF8*$!
{
	archiveVersion = 1;
	classes = {
	};
	objectVersion = 56;
	objects = {

/* Begin PBXBuildFile section */
		C1F321122B322E9500F575A8 /* AppDelegate.swift in Sources */ = {isa = PBXBuildFile; fileRef = C1F321112B322E9500F575A8 /* AppDelegate.swift */; };
		C1F321142B322E9500F575A8 /* SceneDelegate.swift in Sources */ = {isa = PBXBuildFile; fileRef = C1F321132B322E9500F575A8 /* SceneDelegate.swift */; };
		C1F321162B322E9500F575A8 /* HomeViewController.swift in Sources */ = {isa = PBXBuildFile; fileRef = C1F321152B322E9500F575A8 /* HomeViewController.swift */; };
		C1F321192B322E9500F575A8 /* Main.storyboard in Resources */ = {isa = PBXBuildFile; fileRef = C1F321172B322E9500F575A8 /* Main.storyboard */; };
		C1F3211B2B322E9800F575A8 /* Assets.xcassets in Resources */ = {isa = PBXBuildFile; fileRef = C1F3211A2B322E9800F575A8 /* Assets.xcassets */; };
		C1F3211E2B322E9800F575A8 /* LaunchScreen.storyboard in Resources */ = {isa = PBXBuildFile; fileRef = C1F3211C2B322E9800F575A8 /* LaunchScreen.storyboard */; };
		C1F321272B323B5300F575A8 /* HabitPreviewViewController.swift in Sources */ = {isa = PBXBuildFile; fileRef = C1F321262B323B5300F575A8 /* HabitPreviewViewController.swift */; };
		C1F3212E2B33660500F575A8 /* Habit.swift in Sources */ = {isa = PBXBuildFile; fileRef = C1F3212D2B33660500F575A8 /* Habit.swift */; };
		C1F321352B34A13400F575A8 /* HabitTableViewCell.swift in Sources */ = {isa = PBXBuildFile; fileRef = C1F321332B34A13400F575A8 /* HabitTableViewCell.swift */; };
		C1F321362B34A13400F575A8 /* HabitTableViewCell.xib in Resources */ = {isa = PBXBuildFile; fileRef = C1F321342B34A13400F575A8 /* HabitTableViewCell.xib */; };
		C1F5E1DB2B376B7100ADC583 /* AddHabitViewController.swift in Sources */ = {isa = PBXBuildFile; fileRef = C1F5E1DA2B376B7000ADC583 /* AddHabitViewController.swift */; };
		C1F5E1DF2B3787D000ADC583 /* TextFieldTableViewCell.swift in Sources */ = {isa = PBXBuildFile; fileRef = C1F5E1DD2B3787D000ADC583 /* TextFieldTableViewCell.swift */; };
		C1F5E1E02B3787D000ADC583 /* TextFieldTableViewCell.xib in Resources */ = {isa = PBXBuildFile; fileRef = C1F5E1DE2B3787D000ADC583 /* TextFieldTableViewCell.xib */; };
		C1F5E1E32B3787FC00ADC583 /* ColorTableViewCell.swift in Sources */ = {isa = PBXBuildFile; fileRef = C1F5E1E12B3787FC00ADC583 /* ColorTableViewCell.swift */; };
		C1F5E1E42B3787FC00ADC583 /* ColorTableViewCell.xib in Resources */ = {isa = PBXBuildFile; fileRef = C1F5E1E22B3787FC00ADC583 /* ColorTableViewCell.xib */; };
		C1F5E1E72B379FD300ADC583 /* ReminderTableViewCell.swift in Sources */ = {isa = PBXBuildFile; fileRef = C1F5E1E52B379FD300ADC583 /* ReminderTableViewCell.swift */; };
		C1F5E1E82B379FD300ADC583 /* ReminderTableViewCell.xib in Resources */ = {isa = PBXBuildFile; fileRef = C1F5E1E62B379FD300ADC583 /* ReminderTableViewCell.xib */; };
		C1F5E1EB2B37A94700ADC583 /* UITableView+Extensions.swift in Sources */ = {isa = PBXBuildFile; fileRef = C1F5E1EA2B37A94700ADC583 /* UITableView+Extensions.swift */; };
/* End PBXBuildFile section */

/* Begin PBXFileReference section */
		C1F3210E2B322E9500F575A8 /* DontBreakTheChain.app */ = {isa = PBXFileReference; explicitFileType = wrapper.application; includeInIndex = 0; path = DontBreakTheChain.app; sourceTree = BUILT_PRODUCTS_DIR; };
		C1F321112B322E9500F575A8 /* AppDelegate.swift */ = {isa = PBXFileReference; lastKnownFileType = sourcecode.swift; path = AppDelegate.swift; sourceTree = "<group>"; };
		C1F321132B322E9500F575A8 /* SceneDelegate.swift */ = {isa = PBXFileReference; lastKnownFileType = sourcecode.swift; path = SceneDelegate.swift; sourceTree = "<group>"; };
		C1F321152B322E9500F575A8 /* HomeViewController.swift */ = {isa = PBXFileReference; lastKnownFileType = sourcecode.swift; path = HomeViewController.swift; sourceTree = "<group>"; };
		C1F321182B322E9500F575A8 /* Base */ = {isa = PBXFileReference; lastKnownFileType = file.storyboard; name = Base; path = Base.lproj/Main.storyboard; sourceTree = "<group>"; };
		C1F3211A2B322E9800F575A8 /* Assets.xcassets */ = {isa = PBXFileReference; lastKnownFileType = folder.assetcatalog; path = Assets.xcassets; sourceTree = "<group>"; };
		C1F3211D2B322E9800F575A8 /* Base */ = {isa = PBXFileReference; lastKnownFileType = file.storyboard; name = Base; path = Base.lproj/LaunchScreen.storyboard; sourceTree = "<group>"; };
		C1F3211F2B322E9800F575A8 /* Info.plist */ = {isa = PBXFileReference; lastKnownFileType = text.plist.xml; path = Info.plist; sourceTree = "<group>"; };
		C1F321262B323B5300F575A8 /* HabitPreviewViewController.swift */ = {isa = PBXFileReference; lastKnownFileType = sourcecode.swift; path = HabitPreviewViewController.swift; sourceTree = "<group>"; };
		C1F3212D2B33660500F575A8 /* Habit.swift */ = {isa = PBXFileReference; lastKnownFileType = sourcecode.swift; path = Habit.swift; sourceTree = "<group>"; };
		C1F321332B34A13400F575A8 /* HabitTableViewCell.swift */ = {isa = PBXFileReference; lastKnownFileType = sourcecode.swift; path = HabitTableViewCell.swift; sourceTree = "<group>"; };
		C1F321342B34A13400F575A8 /* HabitTableViewCell.xib */ = {isa = PBXFileReference; lastKnownFileType = file.xib; path = HabitTableViewCell.xib; sourceTree = "<group>"; };
		C1F5E1DA2B376B7000ADC583 /* AddHabitViewController.swift */ = {isa = PBXFileReference; lastKnownFileType = sourcecode.swift; path = AddHabitViewController.swift; sourceTree = "<group>"; };
		C1F5E1DD2B3787D000ADC583 /* TextFieldTableViewCell.swift */ = {isa = PBXFileReference; lastKnownFileType = sourcecode.swift; path = TextFieldTableViewCell.swift; sourceTree = "<group>"; };
		C1F5E1DE2B3787D000ADC583 /* TextFieldTableViewCell.xib */ = {isa = PBXFileReference; lastKnownFileType = file.xib; path = TextFieldTableViewCell.xib; sourceTree = "<group>"; };
		C1F5E1E12B3787FC00ADC583 /* ColorTableViewCell.swift */ = {isa = PBXFileReference; lastKnownFileType = sourcecode.swift; path = ColorTableViewCell.swift; sourceTree = "<group>"; };
		C1F5E1E22B3787FC00ADC583 /* ColorTableViewCell.xib */ = {isa = PBXFileReference; lastKnownFileType = file.xib; path = ColorTableViewCell.xib; sourceTree = "<group>"; };
		C1F5E1E52B379FD300ADC583 /* ReminderTableViewCell.swift */ = {isa = PBXFileReference; lastKnownFileType = sourcecode.swift; path = ReminderTableViewCell.swift; sourceTree = "<group>"; };
		C1F5E1E62B379FD300ADC583 /* ReminderTableViewCell.xib */ = {isa = PBXFileReference; lastKnownFileType = file.xib; path = ReminderTableViewCell.xib; sourceTree = "<group>"; };
		C1F5E1EA2B37A94700ADC583 /* UITableView+Extensions.swift */ = {isa = PBXFileReference; lastKnownFileType = sourcecode.swift; path = "UITableView+Extensions.swift"; sourceTree = "<group>"; };
/* End PBXFileReference section */

/* Begin PBXFrameworksBuildPhase section */
		C1F3210B2B322E9500F575A8 /* Frameworks */ = {
			isa = PBXFrameworksBuildPhase;
			buildActionMask = 2147483647;
			files = (
			);
			runOnlyForDeploymentPostprocessing = 0;
		};
/* End PBXFrameworksBuildPhase section */

/* Begin PBXGroup section */
		C1F321052B322E9500F575A8 = {
			isa = PBXGroup;
			children = (
				C1F321102B322E9500F575A8 /* DontBreakTheChain */,
				C1F3210F2B322E9500F575A8 /* Products */,
			);
			sourceTree = "<group>";
		};
		C1F3210F2B322E9500F575A8 /* Products */ = {
			isa = PBXGroup;
			children = (
				C1F3210E2B322E9500F575A8 /* DontBreakTheChain.app */,
			);
			name = Products;
			sourceTree = "<group>";
		};
		C1F321102B322E9500F575A8 /* DontBreakTheChain */ = {
			isa = PBXGroup;
			children = (
				C1F5E1E92B37A91100ADC583 /* Extensions */,
				C1F3212C2B3365F700F575A8 /* Model */,
				C1F321292B32FF2100F575A8 /* View */,
				C1F321282B32501A00F575A8 /* Helper */,
				C1F321252B323B2400F575A8 /* ViewController */,
				C1F321172B322E9500F575A8 /* Main.storyboard */,
				C1F3211F2B322E9800F575A8 /* Info.plist */,
			);
			path = DontBreakTheChain;
			sourceTree = "<group>";
		};
		C1F321252B323B2400F575A8 /* ViewController */ = {
			isa = PBXGroup;
			children = (
				C1F321152B322E9500F575A8 /* HomeViewController.swift */,
				C1F321262B323B5300F575A8 /* HabitPreviewViewController.swift */,
				C1F5E1DA2B376B7000ADC583 /* AddHabitViewController.swift */,
			);
			path = ViewController;
			sourceTree = "<group>";
		};
		C1F321282B32501A00F575A8 /* Helper */ = {
			isa = PBXGroup;
			children = (
				C1F321112B322E9500F575A8 /* AppDelegate.swift */,
				C1F321132B322E9500F575A8 /* SceneDelegate.swift */,
				C1F3211A2B322E9800F575A8 /* Assets.xcassets */,
				C1F3211C2B322E9800F575A8 /* LaunchScreen.storyboard */,
			);
			name = Helper;
			sourceTree = "<group>";
		};
		C1F321292B32FF2100F575A8 /* View */ = {
			isa = PBXGroup;
			children = (
				C1F5E1DC2B37870800ADC583 /* AddHabit */,
				C1F321332B34A13400F575A8 /* HabitTableViewCell.swift */,
				C1F321342B34A13400F575A8 /* HabitTableViewCell.xib */,
			);
			path = View;
			sourceTree = "<group>";
		};
		C1F3212C2B3365F700F575A8 /* Model */ = {
			isa = PBXGroup;
			children = (
				C1F3212D2B33660500F575A8 /* Habit.swift */,
			);
			path = Model;
			sourceTree = "<group>";
		};
		C1F5E1DC2B37870800ADC583 /* AddHabit */ = {
			isa = PBXGroup;
			children = (
				C1F5E1DD2B3787D000ADC583 /* TextFieldTableViewCell.swift */,
				C1F5E1DE2B3787D000ADC583 /* TextFieldTableViewCell.xib */,
				C1F5E1E12B3787FC00ADC583 /* ColorTableViewCell.swift */,
				C1F5E1E22B3787FC00ADC583 /* ColorTableViewCell.xib */,
				C1F5E1E52B379FD300ADC583 /* ReminderTableViewCell.swift */,
				C1F5E1E62B379FD300ADC583 /* ReminderTableViewCell.xib */,
			);
			path = AddHabit;
			sourceTree = "<group>";
		};
		C1F5E1E92B37A91100ADC583 /* Extensions */ = {
			isa = PBXGroup;
			children = (
				C1F5E1EA2B37A94700ADC583 /* UITableView+Extensions.swift */,
			);
			path = Extensions;
			sourceTree = "<group>";
		};
/* End PBXGroup section */

/* Begin PBXNativeTarget section */
		C1F3210D2B322E9500F575A8 /* DontBreakTheChain */ = {
			isa = PBXNativeTarget;
			buildConfigurationList = C1F321222B322E9800F575A8 /* Build configuration list for PBXNativeTarget "DontBreakTheChain" */;
			buildPhases = (
				C1F3210A2B322E9500F575A8 /* Sources */,
				C1F3210B2B322E9500F575A8 /* Frameworks */,
				C1F3210C2B322E9500F575A8 /* Resources */,
			);
			buildRules = (
			);
			dependencies = (
			);
			name = DontBreakTheChain;
			productName = DontBreakTheChain;
			productReference = C1F3210E2B322E9500F575A8 /* DontBreakTheChain.app */;
			productType = "com.apple.product-type.application";
		};
/* End PBXNativeTarget section */

/* Begin PBXProject section */
		C1F321062B322E9500F575A8 /* Project object */ = {
			isa = PBXProject;
			attributes = {
				BuildIndependentTargetsInParallel = 1;
				LastSwiftUpdateCheck = 1510;
				LastUpgradeCheck = 1510;
				TargetAttributes = {
					C1F3210D2B322E9500F575A8 = {
						CreatedOnToolsVersion = 15.1;
					};
				};
			};
			buildConfigurationList = C1F321092B322E9500F575A8 /* Build configuration list for PBXProject "DontBreakTheChain" */;
			compatibilityVersion = "Xcode 14.0";
			developmentRegion = en;
			hasScannedForEncodings = 0;
			knownRegions = (
				en,
				Base,
			);
			mainGroup = C1F321052B322E9500F575A8;
			productRefGroup = C1F3210F2B322E9500F575A8 /* Products */;
			projectDirPath = "";
			projectRoot = "";
			targets = (
				C1F3210D2B322E9500F575A8 /* DontBreakTheChain */,
			);
		};
/* End PBXProject section */

/* Begin PBXResourcesBuildPhase section */
		C1F3210C2B322E9500F575A8 /* Resources */ = {
			isa = PBXResourcesBuildPhase;
			buildActionMask = 2147483647;
			files = (
				C1F3211E2B322E9800F575A8 /* LaunchScreen.storyboard in Resources */,
				C1F5E1E02B3787D000ADC583 /* TextFieldTableViewCell.xib in Resources */,
				C1F3211B2B322E9800F575A8 /* Assets.xcassets in Resources */,
				C1F321362B34A13400F575A8 /* HabitTableViewCell.xib in Resources */,
				C1F5E1E82B379FD300ADC583 /* ReminderTableViewCell.xib in Resources */,
				C1F321192B322E9500F575A8 /* Main.storyboard in Resources */,
				C1F5E1E42B3787FC00ADC583 /* ColorTableViewCell.xib in Resources */,
			);
			runOnlyForDeploymentPostprocessing = 0;
		};
/* End PBXResourcesBuildPhase section */

/* Begin PBXSourcesBuildPhase section */
		C1F3210A2B322E9500F575A8 /* Sources */ = {
			isa = PBXSourcesBuildPhase;
			buildActionMask = 2147483647;
			files = (
				C1F3212E2B33660500F575A8 /* Habit.swift in Sources */,
				C1F321272B323B5300F575A8 /* HabitPreviewViewController.swift in Sources */,
				C1F321162B322E9500F575A8 /* HomeViewController.swift in Sources */,
				C1F321122B322E9500F575A8 /* AppDelegate.swift in Sources */,
				C1F321352B34A13400F575A8 /* HabitTableViewCell.swift in Sources */,
				C1F5E1E32B3787FC00ADC583 /* ColorTableViewCell.swift in Sources */,
				C1F321142B322E9500F575A8 /* SceneDelegate.swift in Sources */,
				C1F5E1EB2B37A94700ADC583 /* UITableView+Extensions.swift in Sources */,
				C1F5E1DB2B376B7100ADC583 /* AddHabitViewController.swift in Sources */,
				C1F5E1DF2B3787D000ADC583 /* TextFieldTableViewCell.swift in Sources */,
				C1F5E1E72B379FD300ADC583 /* ReminderTableViewCell.swift in Sources */,
			);
			runOnlyForDeploymentPostprocessing = 0;
		};
/* End PBXSourcesBuildPhase section */

/* Begin PBXVariantGroup section */
		C1F321172B322E9500F575A8 /* Main.storyboard */ = {
			isa = PBXVariantGroup;
			children = (
				C1F321182B322E9500F575A8 /* Base */,
			);
			name = Main.storyboard;
			sourceTree = "<group>";
		};
		C1F3211C2B322E9800F575A8 /* LaunchScreen.storyboard */ = {
			isa = PBXVariantGroup;
			children = (
				C1F3211D2B322E9800F575A8 /* Base */,
			);
			name = LaunchScreen.storyboard;
			sourceTree = "<group>";
		};
/* End PBXVariantGroup section */

/* Begin XCBuildConfiguration section */
		C1F321202B322E9800F575A8 /* Debug */ = {
			isa = XCBuildConfiguration;
			buildSettings = {
				ALWAYS_SEARCH_USER_PATHS = NO;
				ASSETCATALOG_COMPILER_GENERATE_SWIFT_ASSET_SYMBOL_EXTENSIONS = YES;
				CLANG_ANALYZER_NONNULL = YES;
				CLANG_ANALYZER_NUMBER_OBJECT_CONVERSION = YES_AGGRESSIVE;
				CLANG_CXX_LANGUAGE_STANDARD = "gnu++20";
				CLANG_ENABLE_MODULES = YES;
				CLANG_ENABLE_OBJC_ARC = YES;
				CLANG_ENABLE_OBJC_WEAK = YES;
				CLANG_WARN_BLOCK_CAPTURE_AUTORELEASING = YES;
				CLANG_WARN_BOOL_CONVERSION = YES;
				CLANG_WARN_COMMA = YES;
				CLANG_WARN_CONSTANT_CONVERSION = YES;
				CLANG_WARN_DEPRECATED_OBJC_IMPLEMENTATIONS = YES;
				CLANG_WARN_DIRECT_OBJC_ISA_USAGE = YES_ERROR;
				CLANG_WARN_DOCUMENTATION_COMMENTS = YES;
				CLANG_WARN_EMPTY_BODY = YES;
				CLANG_WARN_ENUM_CONVERSION = YES;
				CLANG_WARN_INFINITE_RECURSION = YES;
				CLANG_WARN_INT_CONVERSION = YES;
				CLANG_WARN_NON_LITERAL_NULL_CONVERSION = YES;
				CLANG_WARN_OBJC_IMPLICIT_RETAIN_SELF = YES;
				CLANG_WARN_OBJC_LITERAL_CONVERSION = YES;
				CLANG_WARN_OBJC_ROOT_CLASS = YES_ERROR;
				CLANG_WARN_QUOTED_INCLUDE_IN_FRAMEWORK_HEADER = YES;
				CLANG_WARN_RANGE_LOOP_ANALYSIS = YES;
				CLANG_WARN_STRICT_PROTOTYPES = YES;
				CLANG_WARN_SUSPICIOUS_MOVE = YES;
				CLANG_WARN_UNGUARDED_AVAILABILITY = YES_AGGRESSIVE;
				CLANG_WARN_UNREACHABLE_CODE = YES;
				CLANG_WARN__DUPLICATE_METHOD_MATCH = YES;
				COPY_PHASE_STRIP = NO;
				DEBUG_INFORMATION_FORMAT = dwarf;
				ENABLE_STRICT_OBJC_MSGSEND = YES;
				ENABLE_TESTABILITY = YES;
				ENABLE_USER_SCRIPT_SANDBOXING = YES;
				GCC_C_LANGUAGE_STANDARD = gnu17;
				GCC_DYNAMIC_NO_PIC = NO;
				GCC_NO_COMMON_BLOCKS = YES;
				GCC_OPTIMIZATION_LEVEL = 0;
				GCC_PREPROCESSOR_DEFINITIONS = (
					"DEBUG=1",
					"$(inherited)",
				);
				GCC_WARN_64_TO_32_BIT_CONVERSION = YES;
				GCC_WARN_ABOUT_RETURN_TYPE = YES_ERROR;
				GCC_WARN_UNDECLARED_SELECTOR = YES;
				GCC_WARN_UNINITIALIZED_AUTOS = YES_AGGRESSIVE;
				GCC_WARN_UNUSED_FUNCTION = YES;
				GCC_WARN_UNUSED_VARIABLE = YES;
				IPHONEOS_DEPLOYMENT_TARGET = 17.2;
				LOCALIZATION_PREFERS_STRING_CATALOGS = YES;
				MTL_ENABLE_DEBUG_INFO = INCLUDE_SOURCE;
				MTL_FAST_MATH = YES;
				ONLY_ACTIVE_ARCH = YES;
				SDKROOT = iphoneos;
				SWIFT_ACTIVE_COMPILATION_CONDITIONS = "DEBUG $(inherited)";
				SWIFT_OPTIMIZATION_LEVEL = "-Onone";
			};
			name = Debug;
		};
		C1F321212B322E9800F575A8 /* Release */ = {
			isa = XCBuildConfiguration;
			buildSettings = {
				ALWAYS_SEARCH_USER_PATHS = NO;
				ASSETCATALOG_COMPILER_GENERATE_SWIFT_ASSET_SYMBOL_EXTENSIONS = YES;
				CLANG_ANALYZER_NONNULL = YES;
				CLANG_ANALYZER_NUMBER_OBJECT_CONVERSION = YES_AGGRESSIVE;
				CLANG_CXX_LANGUAGE_STANDARD = "gnu++20";
				CLANG_ENABLE_MODULES = YES;
				CLANG_ENABLE_OBJC_ARC = YES;
				CLANG_ENABLE_OBJC_WEAK = YES;
				CLANG_WARN_BLOCK_CAPTURE_AUTORELEASING = YES;
				CLANG_WARN_BOOL_CONVERSION = YES;
				CLANG_WARN_COMMA = YES;
				CLANG_WARN_CONSTANT_CONVERSION = YES;
				CLANG_WARN_DEPRECATED_OBJC_IMPLEMENTATIONS = YES;
				CLANG_WARN_DIRECT_OBJC_ISA_USAGE = YES_ERROR;
				CLANG_WARN_DOCUMENTATION_COMMENTS = YES;
				CLANG_WARN_EMPTY_BODY = YES;
				CLANG_WARN_ENUM_CONVERSION = YES;
				CLANG_WARN_INFINITE_RECURSION = YES;
				CLANG_WARN_INT_CONVERSION = YES;
				CLANG_WARN_NON_LITERAL_NULL_CONVERSION = YES;
				CLANG_WARN_OBJC_IMPLICIT_RETAIN_SELF = YES;
				CLANG_WARN_OBJC_LITERAL_CONVERSION = YES;
				CLANG_WARN_OBJC_ROOT_CLASS = YES_ERROR;
				CLANG_WARN_QUOTED_INCLUDE_IN_FRAMEWORK_HEADER = YES;
				CLANG_WARN_RANGE_LOOP_ANALYSIS = YES;
				CLANG_WARN_STRICT_PROTOTYPES = YES;
				CLANG_WARN_SUSPICIOUS_MOVE = YES;
				CLANG_WARN_UNGUARDED_AVAILABILITY = YES_AGGRESSIVE;
				CLANG_WARN_UNREACHABLE_CODE = YES;
				CLANG_WARN__DUPLICATE_METHOD_MATCH = YES;
				COPY_PHASE_STRIP = NO;
				DEBUG_INFORMATION_FORMAT = "dwarf-with-dsym";
				ENABLE_NS_ASSERTIONS = NO;
				ENABLE_STRICT_OBJC_MSGSEND = YES;
				ENABLE_USER_SCRIPT_SANDBOXING = YES;
				GCC_C_LANGUAGE_STANDARD = gnu17;
				GCC_NO_COMMON_BLOCKS = YES;
				GCC_WARN_64_TO_32_BIT_CONVERSION = YES;
				GCC_WARN_ABOUT_RETURN_TYPE = YES_ERROR;
				GCC_WARN_UNDECLARED_SELECTOR = YES;
				GCC_WARN_UNINITIALIZED_AUTOS = YES_AGGRESSIVE;
				GCC_WARN_UNUSED_FUNCTION = YES;
				GCC_WARN_UNUSED_VARIABLE = YES;
				IPHONEOS_DEPLOYMENT_TARGET = 17.2;
				LOCALIZATION_PREFERS_STRING_CATALOGS = YES;
				MTL_ENABLE_DEBUG_INFO = NO;
				MTL_FAST_MATH = YES;
				SDKROOT = iphoneos;
				SWIFT_COMPILATION_MODE = wholemodule;
				VALIDATE_PRODUCT = YES;
			};
			name = Release;
		};
		C1F321232B322E9800F575A8 /* Debug */ = {
			isa = XCBuildConfiguration;
			buildSettings = {
				ASSETCATALOG_COMPILER_APPICON_NAME = AppIcon;
				ASSETCATALOG_COMPILER_GLOBAL_ACCENT_COLOR_NAME = AccentColor;
				CODE_SIGN_STYLE = Automatic;
				CURRENT_PROJECT_VERSION = 1;
				DEVELOPMENT_TEAM = NX5WVK23N8;
				GENERATE_INFOPLIST_FILE = YES;
				INFOPLIST_FILE = DontBreakTheChain/Info.plist;
				INFOPLIST_KEY_UIApplicationSupportsIndirectInputEvents = YES;
				INFOPLIST_KEY_UILaunchStoryboardName = LaunchScreen;
				INFOPLIST_KEY_UIMainStoryboardFile = Main;
				INFOPLIST_KEY_UISupportedInterfaceOrientations_iPad = "UIInterfaceOrientationPortrait UIInterfaceOrientationPortraitUpsideDown UIInterfaceOrientationLandscapeLeft UIInterfaceOrientationLandscapeRight";
				INFOPLIST_KEY_UISupportedInterfaceOrientations_iPhone = "UIInterfaceOrientationPortrait UIInterfaceOrientationLandscapeLeft UIInterfaceOrientationLandscapeRight";
				LD_RUNPATH_SEARCH_PATHS = (
					"$(inherited)",
					"@executable_path/Frameworks",
				);
				MARKETING_VERSION = 1.0;
				PRODUCT_BUNDLE_IDENTIFIER = com.yigithansonmez.DontBreakTheChain;
				PRODUCT_NAME = "$(TARGET_NAME)";
				SWIFT_EMIT_LOC_STRINGS = YES;
				SWIFT_VERSION = 5.0;
				TARGETED_DEVICE_FAMILY = "1,2";
			};
			name = Debug;
		};
		C1F321242B322E9800F575A8 /* Release */ = {
			isa = XCBuildConfiguration;
			buildSettings = {
				ASSETCATALOG_COMPILER_APPICON_NAME = AppIcon;
				ASSETCATALOG_COMPILER_GLOBAL_ACCENT_COLOR_NAME = AccentColor;
				CODE_SIGN_STYLE = Automatic;
				CURRENT_PROJECT_VERSION = 1;
				DEVELOPMENT_TEAM = NX5WVK23N8;
				GENERATE_INFOPLIST_FILE = YES;
				INFOPLIST_FILE = DontBreakTheChain/Info.plist;
				INFOPLIST_KEY_UIApplicationSupportsIndirectInputEvents = YES;
				INFOPLIST_KEY_UILaunchStoryboardName = LaunchScreen;
				INFOPLIST_KEY_UIMainStoryboardFile = Main;
				INFOPLIST_KEY_UISupportedInterfaceOrientations_iPad = "UIInterfaceOrientationPortrait UIInterfaceOrientationPortraitUpsideDown UIInterfaceOrientationLandscapeLeft UIInterfaceOrientationLandscapeRight";
				INFOPLIST_KEY_UISupportedInterfaceOrientations_iPhone = "UIInterfaceOrientationPortrait UIInterfaceOrientationLandscapeLeft UIInterfaceOrientationLandscapeRight";
				LD_RUNPATH_SEARCH_PATHS = (
					"$(inherited)",
					"@executable_path/Frameworks",
				);
				MARKETING_VERSION = 1.0;
				PRODUCT_BUNDLE_IDENTIFIER = com.yigithansonmez.DontBreakTheChain;
				PRODUCT_NAME = "$(TARGET_NAME)";
				SWIFT_EMIT_LOC_STRINGS = YES;
				SWIFT_VERSION = 5.0;
				TARGETED_DEVICE_FAMILY = "1,2";
			};
			name = Release;
		};
/* End XCBuildConfiguration section */

/* Begin XCConfigurationList section */
		C1F321092B322E9500F575A8 /* Build configuration list for PBXProject "DontBreakTheChain" */ = {
			isa = XCConfigurationList;
			buildConfigurations = (
				C1F321202B322E9800F575A8 /* Debug */,
				C1F321212B322E9800F575A8 /* Release */,
			);
			defaultConfigurationIsVisible = 0;
			defaultConfigurationName = Release;
		};
		C1F321222B322E9800F575A8 /* Build configuration list for PBXNativeTarget "DontBreakTheChain" */ = {
			isa = XCConfigurationList;
			buildConfigurations = (
				C1F321232B322E9800F575A8 /* Debug */,
				C1F321242B322E9800F575A8 /* Release */,
			);
			defaultConfigurationIsVisible = 0;
			defaultConfigurationName = Release;
		};
/* End XCConfigurationList section */
	};
	rootObject = C1F321062B322E9500F575A8 /* Project object */;
}
